
Microsoft Visual Studio Solution File, Format Version 11.00
# Visual Studio 2010
Project("{8BC9CEB8-8B4A-11D0-8D11-00A0C91BC942}") = "PassX", "PassX.vcxproj", "{0442C46A-D3C4-44D2-8813-1B9B365C04DC}"
EndProject
Global
	GlobalSection(SolutionConfigurationPlatforms) = preSolution
		Debug|Win32 = Debug|Win32
		Release|Win32 = Release|Win32
	EndGlobalSection
	GlobalSection(ProjectConfigurationPlatforms) = postSolution
		{0442C46A-D3C4-44D2-8813-1B9B365C04DC}.Debug|Win32.ActiveCfg = Debug|Win32
		{0442C46A-D3C4-44D2-8813-1B9B365C04DC}.Debug|Win32.Build.0 = Debug|Win32
		{0442C46A-D3C4-44D2-8813-1B9B365C04DC}.Release|Win32.ActiveCfg = Release|Win32
		{0442C46A-D3C4-44D2-8813-1B9B365C04DC}.Release|Win32.Build.0 = Release|Win32
	EndGlobalSection
	GlobalSection(SolutionProperties) = preSolution
		HideSolutionNode = FALSE
	EndGlobalSection
EndGlobal
